
Microsoft Visual Studio Solution File, Format Version 12.00
# Visual Studio 15
VisualStudioVersion = 15.0.28307.757
MinimumVisualStudioVersion = 10.0.40219.1
Project("{FAE04EC0-301F-11D3-BF4B-00C04F79EFBC}") = "CaptchaTest", "CaptchaTest.csproj", "{89A041E0-5F09-44BF-9E93-F11C9E25F313}"
EndProject
Global
	GlobalSection(SolutionConfigurationPlatforms) = preSolution
		Debug|Any CPU = Debug|Any CPU
		Release|Any CPU = Release|Any CPU
	EndGlobalSection
	GlobalSection(ProjectConfigurationPlatforms) = postSolution
		{89A041E0-5F09-44BF-9E93-F11C9E25F313}.Debug|Any CPU.ActiveCfg = Debug|Any CPU
		{89A041E0-5F09-44BF-9E93-F11C9E25F313}.Debug|Any CPU.Build.0 = Debug|Any CPU
		{89A041E0-5F09-44BF-9E93-F11C9E25F313}.Release|Any CPU.ActiveCfg = Release|Any CPU
		{89A041E0-5F09-44BF-9E93-F11C9E25F313}.Release|Any CPU.Build.0 = Release|Any CPU
	EndGlobalSection
	GlobalSection(SolutionProperties) = preSolution
		HideSolutionNode = FALSE
	EndGlobalSection
	GlobalSection(ExtensibilityGlobals) = postSolution
		SolutionGuid = {0DB1A4E8-F5CF-4154-989B-E07EFD1512E8}
	EndGlobalSection
EndGlobal
